{
  "version": 4,
  "terraform_version": "1.9.4",
  "serial": 223,
  "lineage": "afe65d37-4ad7-ebf6-9882-be47eee42393",
  "outputs": {},
  "resources": [
    {
      "mode": "managed",
      "type": "azurerm_linux_virtual_machine",
      "name": "linuxvm",
      "provider": "provider[\"registry.terraform.io/hashicorp/azurerm\"]",
      "instances": [
        {
          "index_key": 0,
          "schema_version": 0,
          "attributes": {
            "additional_capabilities": [],
            "admin_password": null,
            "admin_ssh_key": [
              {
                "public_key": "ssh-rsa AAAAB3NzaC1yc2EAAAADAQABAAABAQCyJKfbQJszKE8oXdKvNKajJsjQzC5LGFzOLPt7rMxRzMrXyy5FGPUFAWumLYqGHTIz2u7gegNuFxr0OPub6cSr4qAht71jSyDc+SRU+1KmTdEOnUR/BdymfsnG4wl7hoTol+iq+pONdXvCNBHxpN4ZP2EHPsGqXmFmTG+5Mbq2KDPaSt3Jl8gWS/NxCI21vtGrsD1kadcbIYYRRT0BS9Eor2NgnmhR+dXIg78N70/nO5nU0VaIsz9jVKffT2ZKqu6Bur5T9W3ENOD7mGepA5AM1KkVh0qJVBGF0U0k+7DWEFkeURL1TAS5h34AsC5u7cQ8PjocGTe+5uweYjMkXCGT arunkumar.landa@sailssoftware.com\r\n",
                "username": "adminuser"
              }
            ],
            "admin_username": "adminuser",
            "allow_extension_operations": true,
            "availability_set_id": "",
            "boot_diagnostics": [],
            "bypass_platform_safety_checks_on_user_schedule_enabled": false,
            "capacity_reservation_group_id": "",
            "computer_name": "linux-vm1",
            "custom_data": null,
            "dedicated_host_group_id": "",
            "dedicated_host_id": "",
            "disable_password_authentication": true,
            "disk_controller_type": "",
            "edge_zone": "",
            "encryption_at_host_enabled": false,
            "eviction_policy": "",
            "extensions_time_budget": "PT1H30M",
            "gallery_application": [],
            "id": "/subscriptions/e43d0de7-af42-416a-992f-329ac3711888/resourceGroups/terraformRG1/providers/Microsoft.Compute/virtualMachines/linux-vm1",
            "identity": [],
            "license_type": "",
            "location": "westeurope",
            "max_bid_price": -1,
            "name": "linux-vm1",
            "network_interface_ids": [
              "/subscriptions/e43d0de7-af42-416a-992f-329ac3711888/resourceGroups/terraformRG1/providers/Microsoft.Network/networkInterfaces/app-interface235-1"
            ],
            "os_disk": [
              {
                "caching": "ReadWrite",
                "diff_disk_settings": [],
                "disk_encryption_set_id": "",
                "disk_size_gb": 30,
                "name": "linux-vm1_disk1_e3a9d50733ff4e0f96bf68d93a568fc0",
                "secure_vm_disk_encryption_set_id": "",
                "security_encryption_type": "",
                "storage_account_type": "Standard_LRS",
                "write_accelerator_enabled": false
              }
            ],
            "os_image_notification": [],
            "patch_assessment_mode": "ImageDefault",
            "patch_mode": "ImageDefault",
            "plan": [],
            "platform_fault_domain": -1,
            "priority": "Regular",
            "private_ip_address": "10.0.0.4",
            "private_ip_addresses": [
              "10.0.0.4"
            ],
            "provision_vm_agent": true,
            "proximity_placement_group_id": "",
            "public_ip_address": "108.143.158.209",
            "public_ip_addresses": [
              "108.143.158.209"
            ],
            "reboot_setting": "",
            "resource_group_name": "terraformRG1",
            "secret": [],
            "secure_boot_enabled": false,
            "size": "Standard_D2s_v3",
            "source_image_id": "",
            "source_image_reference": [
              {
                "offer": "0001-com-ubuntu-server-jammy",
                "publisher": "Canonical",
                "sku": "22_04-lts",
                "version": "latest"
              }
            ],
            "tags": null,
            "termination_notification": null,
            "timeouts": null,
            "user_data": "",
            "virtual_machine_id": "956dd0d3-3019-4fdc-86b0-efab65d0a505",
            "virtual_machine_scale_set_id": "",
            "vm_agent_platform_updates_enabled": false,
            "vtpm_enabled": false,
            "zone": ""
          },
          "sensitive_attributes": [
            [
              {
                "type": "get_attr",
                "value": "admin_password"
              }
            ],
            [
              {
                "type": "get_attr",
                "value": "custom_data"
              }
            ]
          ],
          "private": "eyJlMmJmYjczMC1lY2FhLTExZTYtOGY4OC0zNDM2M2JjN2M0YzAiOnsiY3JlYXRlIjoyNzAwMDAwMDAwMDAwLCJkZWxldGUiOjI3MDAwMDAwMDAwMDAsInJlYWQiOjMwMDAwMDAwMDAwMCwidXBkYXRlIjoyNzAwMDAwMDAwMDAwfX0=",
          "dependencies": [
            "azurerm_network_interface.appinterface235",
            "azurerm_public_ip.appip",
            "azurerm_resource_group.terraformRG",
            "azurerm_subnet.subnetA",
            "azurerm_virtual_network.appnetwork235"
          ]
        },
        {
          "index_key": 1,
          "schema_version": 0,
          "attributes": {
            "additional_capabilities": [],
            "admin_password": null,
            "admin_ssh_key": [
              {
                "public_key": "ssh-rsa AAAAB3NzaC1yc2EAAAADAQABAAABAQCyJKfbQJszKE8oXdKvNKajJsjQzC5LGFzOLPt7rMxRzMrXyy5FGPUFAWumLYqGHTIz2u7gegNuFxr0OPub6cSr4qAht71jSyDc+SRU+1KmTdEOnUR/BdymfsnG4wl7hoTol+iq+pONdXvCNBHxpN4ZP2EHPsGqXmFmTG+5Mbq2KDPaSt3Jl8gWS/NxCI21vtGrsD1kadcbIYYRRT0BS9Eor2NgnmhR+dXIg78N70/nO5nU0VaIsz9jVKffT2ZKqu6Bur5T9W3ENOD7mGepA5AM1KkVh0qJVBGF0U0k+7DWEFkeURL1TAS5h34AsC5u7cQ8PjocGTe+5uweYjMkXCGT arunkumar.landa@sailssoftware.com\r\n",
                "username": "adminuser"
              }
            ],
            "admin_username": "adminuser",
            "allow_extension_operations": true,
            "availability_set_id": "",
            "boot_diagnostics": [],
            "bypass_platform_safety_checks_on_user_schedule_enabled": false,
            "capacity_reservation_group_id": "",
            "computer_name": "linux-vm2",
            "custom_data": null,
            "dedicated_host_group_id": "",
            "dedicated_host_id": "",
            "disable_password_authentication": true,
            "disk_controller_type": "",
            "edge_zone": "",
            "encryption_at_host_enabled": false,
            "eviction_policy": "",
            "extensions_time_budget": "PT1H30M",
            "gallery_application": [],
            "id": "/subscriptions/e43d0de7-af42-416a-992f-329ac3711888/resourceGroups/terraformRG1/providers/Microsoft.Compute/virtualMachines/linux-vm2",
            "identity": [],
            "license_type": "",
            "location": "westeurope",
            "max_bid_price": -1,
            "name": "linux-vm2",
            "network_interface_ids": [
              "/subscriptions/e43d0de7-af42-416a-992f-329ac3711888/resourceGroups/terraformRG1/providers/Microsoft.Network/networkInterfaces/app-interface235-2"
            ],
            "os_disk": [
              {
                "caching": "ReadWrite",
                "diff_disk_settings": [],
                "disk_encryption_set_id": "",
                "disk_size_gb": 30,
                "name": "linux-vm2_disk1_c6f591a9b6f943049e160a76a6b3bdfe",
                "secure_vm_disk_encryption_set_id": "",
                "security_encryption_type": "",
                "storage_account_type": "Standard_LRS",
                "write_accelerator_enabled": false
              }
            ],
            "os_image_notification": [],
            "patch_assessment_mode": "ImageDefault",
            "patch_mode": "ImageDefault",
            "plan": [],
            "platform_fault_domain": -1,
            "priority": "Regular",
            "private_ip_address": "10.0.0.5",
            "private_ip_addresses": [
              "10.0.0.5"
            ],
            "provision_vm_agent": true,
            "proximity_placement_group_id": "",
            "public_ip_address": "4.180.248.48",
            "public_ip_addresses": [
              "4.180.248.48"
            ],
            "reboot_setting": "",
            "resource_group_name": "terraformRG1",
            "secret": [],
            "secure_boot_enabled": false,
            "size": "Standard_D2s_v3",
            "source_image_id": "",
            "source_image_reference": [
              {
                "offer": "0001-com-ubuntu-server-jammy",
                "publisher": "Canonical",
                "sku": "22_04-lts",
                "version": "latest"
              }
            ],
            "tags": null,
            "termination_notification": null,
            "timeouts": null,
            "user_data": "",
            "virtual_machine_id": "3dc04d74-b01c-418b-b7ba-42692e7e521c",
            "virtual_machine_scale_set_id": "",
            "vm_agent_platform_updates_enabled": false,
            "vtpm_enabled": false,
            "zone": ""
          },
          "sensitive_attributes": [
            [
              {
                "type": "get_attr",
                "value": "custom_data"
              }
            ],
            [
              {
                "type": "get_attr",
                "value": "admin_password"
              }
            ]
          ],
          "private": "eyJlMmJmYjczMC1lY2FhLTExZTYtOGY4OC0zNDM2M2JjN2M0YzAiOnsiY3JlYXRlIjoyNzAwMDAwMDAwMDAwLCJkZWxldGUiOjI3MDAwMDAwMDAwMDAsInJlYWQiOjMwMDAwMDAwMDAwMCwidXBkYXRlIjoyNzAwMDAwMDAwMDAwfX0=",
          "dependencies": [
            "azurerm_network_interface.appinterface235",
            "azurerm_public_ip.appip",
            "azurerm_resource_group.terraformRG",
            "azurerm_subnet.subnetA",
            "azurerm_virtual_network.appnetwork235"
          ]
        },
        {
          "index_key": 2,
          "schema_version": 0,
          "attributes": {
            "additional_capabilities": [],
            "admin_password": null,
            "admin_ssh_key": [
              {
                "public_key": "ssh-rsa AAAAB3NzaC1yc2EAAAADAQABAAABAQCyJKfbQJszKE8oXdKvNKajJsjQzC5LGFzOLPt7rMxRzMrXyy5FGPUFAWumLYqGHTIz2u7gegNuFxr0OPub6cSr4qAht71jSyDc+SRU+1KmTdEOnUR/BdymfsnG4wl7hoTol+iq+pONdXvCNBHxpN4ZP2EHPsGqXmFmTG+5Mbq2KDPaSt3Jl8gWS/NxCI21vtGrsD1kadcbIYYRRT0BS9Eor2NgnmhR+dXIg78N70/nO5nU0VaIsz9jVKffT2ZKqu6Bur5T9W3ENOD7mGepA5AM1KkVh0qJVBGF0U0k+7DWEFkeURL1TAS5h34AsC5u7cQ8PjocGTe+5uweYjMkXCGT arunkumar.landa@sailssoftware.com\r\n",
                "username": "adminuser"
              }
            ],
            "admin_username": "adminuser",
            "allow_extension_operations": true,
            "availability_set_id": "",
            "boot_diagnostics": [],
            "bypass_platform_safety_checks_on_user_schedule_enabled": false,
            "capacity_reservation_group_id": "",
            "computer_name": "linux-vm3",
            "custom_data": null,
            "dedicated_host_group_id": "",
            "dedicated_host_id": "",
            "disable_password_authentication": true,
            "disk_controller_type": "",
            "edge_zone": "",
            "encryption_at_host_enabled": false,
            "eviction_policy": "",
            "extensions_time_budget": "PT1H30M",
            "gallery_application": [],
            "id": "/subscriptions/e43d0de7-af42-416a-992f-329ac3711888/resourceGroups/terraformRG1/providers/Microsoft.Compute/virtualMachines/linux-vm3",
            "identity": [],
            "license_type": "",
            "location": "westeurope",
            "max_bid_price": -1,
            "name": "linux-vm3",
            "network_interface_ids": [
              "/subscriptions/e43d0de7-af42-416a-992f-329ac3711888/resourceGroups/terraformRG1/providers/Microsoft.Network/networkInterfaces/app-interface235-3"
            ],
            "os_disk": [
              {
                "caching": "ReadWrite",
                "diff_disk_settings": [],
                "disk_encryption_set_id": "",
                "disk_size_gb": 30,
                "name": "linux-vm3_disk1_c6df8e3e2cb745fbace6b18ccf7a54c1",
                "secure_vm_disk_encryption_set_id": "",
                "security_encryption_type": "",
                "storage_account_type": "Standard_LRS",
                "write_accelerator_enabled": false
              }
            ],
            "os_image_notification": [],
            "patch_assessment_mode": "ImageDefault",
            "patch_mode": "ImageDefault",
            "plan": [],
            "platform_fault_domain": -1,
            "priority": "Regular",
            "private_ip_address": "10.0.0.6",
            "private_ip_addresses": [
              "10.0.0.6"
            ],
            "provision_vm_agent": true,
            "proximity_placement_group_id": "",
            "public_ip_address": "4.180.249.250",
            "public_ip_addresses": [
              "4.180.249.250"
            ],
            "reboot_setting": "",
            "resource_group_name": "terraformRG1",
            "secret": [],
            "secure_boot_enabled": false,
            "size": "Standard_D2s_v3",
            "source_image_id": "",
            "source_image_reference": [
              {
                "offer": "0001-com-ubuntu-server-jammy",
                "publisher": "Canonical",
                "sku": "22_04-lts",
                "version": "latest"
              }
            ],
            "tags": null,
            "termination_notification": null,
            "timeouts": null,
            "user_data": "",
            "virtual_machine_id": "cb746e55-615e-4ee9-bbef-a840087b127d",
            "virtual_machine_scale_set_id": "",
            "vm_agent_platform_updates_enabled": false,
            "vtpm_enabled": false,
            "zone": ""
          },
          "sensitive_attributes": [
            [
              {
                "type": "get_attr",
                "value": "custom_data"
              }
            ],
            [
              {
                "type": "get_attr",
                "value": "admin_password"
              }
            ]
          ],
          "private": "eyJlMmJmYjczMC1lY2FhLTExZTYtOGY4OC0zNDM2M2JjN2M0YzAiOnsiY3JlYXRlIjoyNzAwMDAwMDAwMDAwLCJkZWxldGUiOjI3MDAwMDAwMDAwMDAsInJlYWQiOjMwMDAwMDAwMDAwMCwidXBkYXRlIjoyNzAwMDAwMDAwMDAwfX0=",
          "dependencies": [
            "azurerm_network_interface.appinterface235",
            "azurerm_public_ip.appip",
            "azurerm_resource_group.terraformRG",
            "azurerm_subnet.subnetA",
            "azurerm_virtual_network.appnetwork235"
          ]
        }
      ]
    },
    {
      "mode": "managed",
      "type": "azurerm_network_interface",
      "name": "appinterface235",
      "provider": "provider[\"registry.terraform.io/hashicorp/azurerm\"]",
      "instances": [
        {
          "index_key": 0,
          "schema_version": 0,
          "attributes": {
            "accelerated_networking_enabled": false,
            "applied_dns_servers": [],
            "auxiliary_mode": "",
            "auxiliary_sku": "",
            "dns_servers": [],
            "edge_zone": "",
            "enable_accelerated_networking": false,
            "enable_ip_forwarding": false,
            "id": "/subscriptions/e43d0de7-af42-416a-992f-329ac3711888/resourceGroups/terraformRG1/providers/Microsoft.Network/networkInterfaces/app-interface235-1",
            "internal_dns_name_label": "",
            "internal_domain_name_suffix": "pfuz1tsczldunb3wejemqckquh.ax.internal.cloudapp.net",
            "ip_configuration": [
              {
                "gateway_load_balancer_frontend_ip_configuration_id": "",
                "name": "internal",
                "primary": true,
                "private_ip_address": "10.0.0.4",
                "private_ip_address_allocation": "Dynamic",
                "private_ip_address_version": "IPv4",
                "public_ip_address_id": "/subscriptions/e43d0de7-af42-416a-992f-329ac3711888/resourceGroups/terraformRG1/providers/Microsoft.Network/publicIPAddresses/app-ip235-1",
                "subnet_id": "/subscriptions/e43d0de7-af42-416a-992f-329ac3711888/resourceGroups/terraformRG1/providers/Microsoft.Network/virtualNetworks/app-network235/subnets/subnetA"
              }
            ],
            "ip_forwarding_enabled": false,
            "location": "westeurope",
            "mac_address": "",
            "name": "app-interface235-1",
            "private_ip_address": "10.0.0.4",
            "private_ip_addresses": [
              "10.0.0.4"
            ],
            "resource_group_name": "terraformRG1",
            "tags": null,
            "timeouts": null,
            "virtual_machine_id": ""
          },
          "sensitive_attributes": [],
          "private": "eyJlMmJmYjczMC1lY2FhLTExZTYtOGY4OC0zNDM2M2JjN2M0YzAiOnsiY3JlYXRlIjoxODAwMDAwMDAwMDAwLCJkZWxldGUiOjE4MDAwMDAwMDAwMDAsInJlYWQiOjMwMDAwMDAwMDAwMCwidXBkYXRlIjoxODAwMDAwMDAwMDAwfX0=",
          "dependencies": [
            "azurerm_public_ip.appip",
            "azurerm_resource_group.terraformRG",
            "azurerm_subnet.subnetA",
            "azurerm_virtual_network.appnetwork235"
          ]
        },
        {
          "index_key": 1,
          "schema_version": 0,
          "attributes": {
            "accelerated_networking_enabled": false,
            "applied_dns_servers": [],
            "auxiliary_mode": "",
            "auxiliary_sku": "",
            "dns_servers": [],
            "edge_zone": "",
            "enable_accelerated_networking": false,
            "enable_ip_forwarding": false,
            "id": "/subscriptions/e43d0de7-af42-416a-992f-329ac3711888/resourceGroups/terraformRG1/providers/Microsoft.Network/networkInterfaces/app-interface235-2",
            "internal_dns_name_label": "",
            "internal_domain_name_suffix": "pfuz1tsczldunb3wejemqckquh.ax.internal.cloudapp.net",
            "ip_configuration": [
              {
                "gateway_load_balancer_frontend_ip_configuration_id": "",
                "name": "internal",
                "primary": true,
                "private_ip_address": "10.0.0.5",
                "private_ip_address_allocation": "Dynamic",
                "private_ip_address_version": "IPv4",
                "public_ip_address_id": "/subscriptions/e43d0de7-af42-416a-992f-329ac3711888/resourceGroups/terraformRG1/providers/Microsoft.Network/publicIPAddresses/app-ip235-2",
                "subnet_id": "/subscriptions/e43d0de7-af42-416a-992f-329ac3711888/resourceGroups/terraformRG1/providers/Microsoft.Network/virtualNetworks/app-network235/subnets/subnetA"
              }
            ],
            "ip_forwarding_enabled": false,
            "location": "westeurope",
            "mac_address": "",
            "name": "app-interface235-2",
            "private_ip_address": "10.0.0.5",
            "private_ip_addresses": [
              "10.0.0.5"
            ],
            "resource_group_name": "terraformRG1",
            "tags": null,
            "timeouts": null,
            "virtual_machine_id": ""
          },
          "sensitive_attributes": [],
          "private": "eyJlMmJmYjczMC1lY2FhLTExZTYtOGY4OC0zNDM2M2JjN2M0YzAiOnsiY3JlYXRlIjoxODAwMDAwMDAwMDAwLCJkZWxldGUiOjE4MDAwMDAwMDAwMDAsInJlYWQiOjMwMDAwMDAwMDAwMCwidXBkYXRlIjoxODAwMDAwMDAwMDAwfX0=",
          "dependencies": [
            "azurerm_public_ip.appip",
            "azurerm_resource_group.terraformRG",
            "azurerm_subnet.subnetA",
            "azurerm_virtual_network.appnetwork235"
          ]
        },
        {
          "index_key": 2,
          "schema_version": 0,
          "attributes": {
            "accelerated_networking_enabled": false,
            "applied_dns_servers": [],
            "auxiliary_mode": "",
            "auxiliary_sku": "",
            "dns_servers": [],
            "edge_zone": "",
            "enable_accelerated_networking": false,
            "enable_ip_forwarding": false,
            "id": "/subscriptions/e43d0de7-af42-416a-992f-329ac3711888/resourceGroups/terraformRG1/providers/Microsoft.Network/networkInterfaces/app-interface235-3",
            "internal_dns_name_label": "",
            "internal_domain_name_suffix": "pfuz1tsczldunb3wejemqckquh.ax.internal.cloudapp.net",
            "ip_configuration": [
              {
                "gateway_load_balancer_frontend_ip_configuration_id": "",
                "name": "internal",
                "primary": true,
                "private_ip_address": "10.0.0.6",
                "private_ip_address_allocation": "Dynamic",
                "private_ip_address_version": "IPv4",
                "public_ip_address_id": "/subscriptions/e43d0de7-af42-416a-992f-329ac3711888/resourceGroups/terraformRG1/providers/Microsoft.Network/publicIPAddresses/app-ip235-3",
                "subnet_id": "/subscriptions/e43d0de7-af42-416a-992f-329ac3711888/resourceGroups/terraformRG1/providers/Microsoft.Network/virtualNetworks/app-network235/subnets/subnetA"
              }
            ],
            "ip_forwarding_enabled": false,
            "location": "westeurope",
            "mac_address": "",
            "name": "app-interface235-3",
            "private_ip_address": "10.0.0.6",
            "private_ip_addresses": [
              "10.0.0.6"
            ],
            "resource_group_name": "terraformRG1",
            "tags": null,
            "timeouts": null,
            "virtual_machine_id": ""
          },
          "sensitive_attributes": [],
          "private": "eyJlMmJmYjczMC1lY2FhLTExZTYtOGY4OC0zNDM2M2JjN2M0YzAiOnsiY3JlYXRlIjoxODAwMDAwMDAwMDAwLCJkZWxldGUiOjE4MDAwMDAwMDAwMDAsInJlYWQiOjMwMDAwMDAwMDAwMCwidXBkYXRlIjoxODAwMDAwMDAwMDAwfX0=",
          "dependencies": [
            "azurerm_public_ip.appip",
            "azurerm_resource_group.terraformRG",
            "azurerm_subnet.subnetA",
            "azurerm_virtual_network.appnetwork235"
          ]
        }
      ]
    },
    {
      "mode": "managed",
      "type": "azurerm_network_security_group",
      "name": "appnsg",
      "provider": "provider[\"registry.terraform.io/hashicorp/azurerm\"]",
      "instances": [
        {
          "schema_version": 0,
          "attributes": {
            "id": "/subscriptions/e43d0de7-af42-416a-992f-329ac3711888/resourceGroups/terraformRG1/providers/Microsoft.Network/networkSecurityGroups/app-nsg235",
            "location": "westeurope",
            "name": "app-nsg235",
            "resource_group_name": "terraformRG1",
            "security_rule": [
              {
                "access": "Allow",
                "description": "",
                "destination_address_prefix": "*",
                "destination_address_prefixes": [],
                "destination_application_security_group_ids": [],
                "destination_port_range": "22",
                "destination_port_ranges": [],
                "direction": "Inbound",
                "name": "AllowSSH",
                "priority": 300,
                "protocol": "Tcp",
                "source_address_prefix": "*",
                "source_address_prefixes": [],
                "source_application_security_group_ids": [],
                "source_port_range": "*",
                "source_port_ranges": []
              },
              {
                "access": "Allow",
                "description": "",
                "destination_address_prefix": "*",
                "destination_address_prefixes": [],
                "destination_application_security_group_ids": [],
                "destination_port_range": "80",
                "destination_port_ranges": [],
                "direction": "Inbound",
                "name": "AllowHTTP",
                "priority": 310,
                "protocol": "Tcp",
                "source_address_prefix": "*",
                "source_address_prefixes": [],
                "source_application_security_group_ids": [],
                "source_port_range": "*",
                "source_port_ranges": []
              }
            ],
            "tags": null,
            "timeouts": null
          },
          "sensitive_attributes": [],
          "private": "eyJlMmJmYjczMC1lY2FhLTExZTYtOGY4OC0zNDM2M2JjN2M0YzAiOnsiY3JlYXRlIjoxODAwMDAwMDAwMDAwLCJkZWxldGUiOjE4MDAwMDAwMDAwMDAsInJlYWQiOjMwMDAwMDAwMDAwMCwidXBkYXRlIjoxODAwMDAwMDAwMDAwfX0=",
          "dependencies": [
            "azurerm_resource_group.terraformRG"
          ]
        }
      ]
    },
    {
      "mode": "managed",
      "type": "azurerm_public_ip",
      "name": "appip",
      "provider": "provider[\"registry.terraform.io/hashicorp/azurerm\"]",
      "instances": [
        {
          "index_key": 0,
          "schema_version": 0,
          "attributes": {
            "allocation_method": "Static",
            "ddos_protection_mode": "VirtualNetworkInherited",
            "ddos_protection_plan_id": null,
            "domain_name_label": null,
            "edge_zone": "",
            "fqdn": null,
            "id": "/subscriptions/e43d0de7-af42-416a-992f-329ac3711888/resourceGroups/terraformRG1/providers/Microsoft.Network/publicIPAddresses/app-ip235-1",
            "idle_timeout_in_minutes": 4,
            "ip_address": "108.143.158.209",
            "ip_tags": null,
            "ip_version": "IPv4",
            "location": "westeurope",
            "name": "app-ip235-1",
            "public_ip_prefix_id": null,
            "resource_group_name": "terraformRG1",
            "reverse_fqdn": null,
            "sku": "Basic",
            "sku_tier": "Regional",
            "tags": null,
            "timeouts": null,
            "zones": null
          },
          "sensitive_attributes": [],
          "private": "eyJlMmJmYjczMC1lY2FhLTExZTYtOGY4OC0zNDM2M2JjN2M0YzAiOnsiY3JlYXRlIjoxODAwMDAwMDAwMDAwLCJkZWxldGUiOjE4MDAwMDAwMDAwMDAsInJlYWQiOjMwMDAwMDAwMDAwMCwidXBkYXRlIjoxODAwMDAwMDAwMDAwfX0=",
          "dependencies": [
            "azurerm_resource_group.terraformRG"
          ]
        },
        {
          "index_key": 1,
          "schema_version": 0,
          "attributes": {
            "allocation_method": "Static",
            "ddos_protection_mode": "VirtualNetworkInherited",
            "ddos_protection_plan_id": null,
            "domain_name_label": null,
            "edge_zone": "",
            "fqdn": null,
            "id": "/subscriptions/e43d0de7-af42-416a-992f-329ac3711888/resourceGroups/terraformRG1/providers/Microsoft.Network/publicIPAddresses/app-ip235-2",
            "idle_timeout_in_minutes": 4,
            "ip_address": "4.180.248.48",
            "ip_tags": null,
            "ip_version": "IPv4",
            "location": "westeurope",
            "name": "app-ip235-2",
            "public_ip_prefix_id": null,
            "resource_group_name": "terraformRG1",
            "reverse_fqdn": null,
            "sku": "Basic",
            "sku_tier": "Regional",
            "tags": null,
            "timeouts": null,
            "zones": null
          },
          "sensitive_attributes": [],
          "private": "eyJlMmJmYjczMC1lY2FhLTExZTYtOGY4OC0zNDM2M2JjN2M0YzAiOnsiY3JlYXRlIjoxODAwMDAwMDAwMDAwLCJkZWxldGUiOjE4MDAwMDAwMDAwMDAsInJlYWQiOjMwMDAwMDAwMDAwMCwidXBkYXRlIjoxODAwMDAwMDAwMDAwfX0=",
          "dependencies": [
            "azurerm_resource_group.terraformRG"
          ]
        },
        {
          "index_key": 2,
          "schema_version": 0,
          "attributes": {
            "allocation_method": "Static",
            "ddos_protection_mode": "VirtualNetworkInherited",
            "ddos_protection_plan_id": null,
            "domain_name_label": null,
            "edge_zone": "",
            "fqdn": null,
            "id": "/subscriptions/e43d0de7-af42-416a-992f-329ac3711888/resourceGroups/terraformRG1/providers/Microsoft.Network/publicIPAddresses/app-ip235-3",
            "idle_timeout_in_minutes": 4,
            "ip_address": "4.180.249.250",
            "ip_tags": null,
            "ip_version": "IPv4",
            "location": "westeurope",
            "name": "app-ip235-3",
            "public_ip_prefix_id": null,
            "resource_group_name": "terraformRG1",
            "reverse_fqdn": null,
            "sku": "Basic",
            "sku_tier": "Regional",
            "tags": null,
            "timeouts": null,
            "zones": null
          },
          "sensitive_attributes": [],
          "private": "eyJlMmJmYjczMC1lY2FhLTExZTYtOGY4OC0zNDM2M2JjN2M0YzAiOnsiY3JlYXRlIjoxODAwMDAwMDAwMDAwLCJkZWxldGUiOjE4MDAwMDAwMDAwMDAsInJlYWQiOjMwMDAwMDAwMDAwMCwidXBkYXRlIjoxODAwMDAwMDAwMDAwfX0=",
          "dependencies": [
            "azurerm_resource_group.terraformRG"
          ]
        }
      ]
    },
    {
      "mode": "managed",
      "type": "azurerm_resource_group",
      "name": "terraformRG",
      "provider": "provider[\"registry.terraform.io/hashicorp/azurerm\"]",
      "instances": [
        {
          "schema_version": 0,
          "attributes": {
            "id": "/subscriptions/e43d0de7-af42-416a-992f-329ac3711888/resourceGroups/terraformRG1",
            "location": "westeurope",
            "managed_by": "",
            "name": "terraformRG1",
            "tags": null,
            "timeouts": null
          },
          "sensitive_attributes": [],
          "private": "eyJlMmJmYjczMC1lY2FhLTExZTYtOGY4OC0zNDM2M2JjN2M0YzAiOnsiY3JlYXRlIjo1NDAwMDAwMDAwMDAwLCJkZWxldGUiOjU0MDAwMDAwMDAwMDAsInJlYWQiOjMwMDAwMDAwMDAwMCwidXBkYXRlIjo1NDAwMDAwMDAwMDAwfX0="
        }
      ]
    },
    {
      "mode": "managed",
      "type": "azurerm_subnet",
      "name": "subnetA",
      "provider": "provider[\"registry.terraform.io/hashicorp/azurerm\"]",
      "instances": [
        {
          "schema_version": 0,
          "attributes": {
            "address_prefixes": [
              "10.0.0.0/24"
            ],
            "default_outbound_access_enabled": true,
            "delegation": [],
            "enforce_private_link_endpoint_network_policies": false,
            "enforce_private_link_service_network_policies": false,
            "id": "/subscriptions/e43d0de7-af42-416a-992f-329ac3711888/resourceGroups/terraformRG1/providers/Microsoft.Network/virtualNetworks/app-network235/subnets/subnetA",
            "name": "subnetA",
            "private_endpoint_network_policies": "Enabled",
            "private_endpoint_network_policies_enabled": true,
            "private_link_service_network_policies_enabled": true,
            "resource_group_name": "terraformRG1",
            "service_endpoint_policy_ids": null,
            "service_endpoints": null,
            "timeouts": null,
            "virtual_network_name": "app-network235"
          },
          "sensitive_attributes": [],
          "private": "eyJlMmJmYjczMC1lY2FhLTExZTYtOGY4OC0zNDM2M2JjN2M0YzAiOnsiY3JlYXRlIjoxODAwMDAwMDAwMDAwLCJkZWxldGUiOjE4MDAwMDAwMDAwMDAsInJlYWQiOjMwMDAwMDAwMDAwMCwidXBkYXRlIjoxODAwMDAwMDAwMDAwfX0=",
          "dependencies": [
            "azurerm_resource_group.terraformRG",
            "azurerm_virtual_network.appnetwork235"
          ]
        }
      ]
    },
    {
      "mode": "managed",
      "type": "azurerm_subnet",
      "name": "subnetB",
      "provider": "provider[\"registry.terraform.io/hashicorp/azurerm\"]",
      "instances": [
        {
          "schema_version": 0,
          "attributes": {
            "address_prefixes": [
              "10.0.1.0/24"
            ],
            "default_outbound_access_enabled": true,
            "delegation": [],
            "enforce_private_link_endpoint_network_policies": false,
            "enforce_private_link_service_network_policies": false,
            "id": "/subscriptions/e43d0de7-af42-416a-992f-329ac3711888/resourceGroups/terraformRG1/providers/Microsoft.Network/virtualNetworks/app-network235/subnets/subnetB",
            "name": "subnetB",
            "private_endpoint_network_policies": "Enabled",
            "private_endpoint_network_policies_enabled": true,
            "private_link_service_network_policies_enabled": true,
            "resource_group_name": "terraformRG1",
            "service_endpoint_policy_ids": null,
            "service_endpoints": null,
            "timeouts": null,
            "virtual_network_name": "app-network235"
          },
          "sensitive_attributes": [],
          "private": "eyJlMmJmYjczMC1lY2FhLTExZTYtOGY4OC0zNDM2M2JjN2M0YzAiOnsiY3JlYXRlIjoxODAwMDAwMDAwMDAwLCJkZWxldGUiOjE4MDAwMDAwMDAwMDAsInJlYWQiOjMwMDAwMDAwMDAwMCwidXBkYXRlIjoxODAwMDAwMDAwMDAwfX0=",
          "dependencies": [
            "azurerm_resource_group.terraformRG",
            "azurerm_virtual_network.appnetwork235"
          ]
        }
      ]
    },
    {
      "mode": "managed",
      "type": "azurerm_subnet_network_security_group_association",
      "name": "appnsglink",
      "provider": "provider[\"registry.terraform.io/hashicorp/azurerm\"]",
      "instances": [
        {
          "schema_version": 0,
          "attributes": {
            "id": "/subscriptions/e43d0de7-af42-416a-992f-329ac3711888/resourceGroups/terraformRG1/providers/Microsoft.Network/virtualNetworks/app-network235/subnets/subnetA",
            "network_security_group_id": "/subscriptions/e43d0de7-af42-416a-992f-329ac3711888/resourceGroups/terraformRG1/providers/Microsoft.Network/networkSecurityGroups/app-nsg235",
            "subnet_id": "/subscriptions/e43d0de7-af42-416a-992f-329ac3711888/resourceGroups/terraformRG1/providers/Microsoft.Network/virtualNetworks/app-network235/subnets/subnetA",
            "timeouts": null
          },
          "sensitive_attributes": [],
          "private": "eyJlMmJmYjczMC1lY2FhLTExZTYtOGY4OC0zNDM2M2JjN2M0YzAiOnsiY3JlYXRlIjoxODAwMDAwMDAwMDAwLCJkZWxldGUiOjE4MDAwMDAwMDAwMDAsInJlYWQiOjMwMDAwMDAwMDAwMH19",
          "dependencies": [
            "azurerm_network_security_group.appnsg",
            "azurerm_resource_group.terraformRG",
            "azurerm_subnet.subnetA",
            "azurerm_virtual_network.appnetwork235"
          ]
        }
      ]
    },
    {
      "mode": "managed",
      "type": "azurerm_virtual_network",
      "name": "appnetwork235",
      "provider": "provider[\"registry.terraform.io/hashicorp/azurerm\"]",
      "instances": [
        {
          "schema_version": 0,
          "attributes": {
            "address_space": [
              "10.0.0.0/16"
            ],
            "bgp_community": "",
            "ddos_protection_plan": [],
            "dns_servers": [],
            "edge_zone": "",
            "encryption": [],
            "flow_timeout_in_minutes": 0,
            "guid": "ce9d6979-ca42-46c7-87b6-2248c80950a7",
            "id": "/subscriptions/e43d0de7-af42-416a-992f-329ac3711888/resourceGroups/terraformRG1/providers/Microsoft.Network/virtualNetworks/app-network235",
            "location": "westeurope",
            "name": "app-network235",
            "resource_group_name": "terraformRG1",
            "subnet": [],
            "tags": null,
            "timeouts": null
          },
          "sensitive_attributes": [],
          "private": "eyJlMmJmYjczMC1lY2FhLTExZTYtOGY4OC0zNDM2M2JjN2M0YzAiOnsiY3JlYXRlIjoxODAwMDAwMDAwMDAwLCJkZWxldGUiOjE4MDAwMDAwMDAwMDAsInJlYWQiOjMwMDAwMDAwMDAwMCwidXBkYXRlIjoxODAwMDAwMDAwMDAwfX0=",
          "dependencies": [
            "azurerm_resource_group.terraformRG"
          ]
        }
      ]
    }
  ],
  "check_results": null
}
